// !$*UTF8*$!
{
	archiveVersion = 1;
	classes = {
	};
	objectVersion = 50;
	objects = {

/* Begin PBXBuildFile section */
		D436B99023DB81D500C9F037 /* AppDelegate.swift in Sources */ = {isa = PBXBuildFile; fileRef = D436B98F23DB81D500C9F037 /* AppDelegate.swift */; };
		D436B99223DB81D500C9F037 /* SceneDelegate.swift in Sources */ = {isa = PBXBuildFile; fileRef = D436B99123DB81D500C9F037 /* SceneDelegate.swift */; };
		D436B99423DB81D500C9F037 /* ViewController.swift in Sources */ = {isa = PBXBuildFile; fileRef = D436B99323DB81D500C9F037 /* ViewController.swift */; };
		D436B99723DB81D500C9F037 /* Main.storyboard in Resources */ = {isa = PBXBuildFile; fileRef = D436B99523DB81D500C9F037 /* Main.storyboard */; };
		D436B99A23DB81D500C9F037 /* Onboarding.xcdatamodeld in Sources */ = {isa = PBXBuildFile; fileRef = D436B99823DB81D500C9F037 /* Onboarding.xcdatamodeld */; };
		D436B99C23DB81D600C9F037 /* Assets.xcassets in Resources */ = {isa = PBXBuildFile; fileRef = D436B99B23DB81D600C9F037 /* Assets.xcassets */; };
		D436B99F23DB81D600C9F037 /* LaunchScreen.storyboard in Resources */ = {isa = PBXBuildFile; fileRef = D436B99D23DB81D600C9F037 /* LaunchScreen.storyboard */; };
		D436B9AA23DB81D600C9F037 /* OnboardingTests.swift in Sources */ = {isa = PBXBuildFile; fileRef = D436B9A923DB81D600C9F037 /* OnboardingTests.swift */; };
		D436B9B523DB81D600C9F037 /* OnboardingUITests.swift in Sources */ = {isa = PBXBuildFile; fileRef = D436B9B423DB81D600C9F037 /* OnboardingUITests.swift */; };
/* End PBXBuildFile section */

/* Begin PBXContainerItemProxy section */
		D436B9A623DB81D600C9F037 /* PBXContainerItemProxy */ = {
			isa = PBXContainerItemProxy;
			containerPortal = D436B98423DB81D500C9F037 /* Project object */;
			proxyType = 1;
			remoteGlobalIDString = D436B98B23DB81D500C9F037;
			remoteInfo = Onboarding;
		};
		D436B9B123DB81D600C9F037 /* PBXContainerItemProxy */ = {
			isa = PBXContainerItemProxy;
			containerPortal = D436B98423DB81D500C9F037 /* Project object */;
			proxyType = 1;
			remoteGlobalIDString = D436B98B23DB81D500C9F037;
			remoteInfo = Onboarding;
		};
/* End PBXContainerItemProxy section */

/* Begin PBXFileReference section */
		D436B98C23DB81D500C9F037 /* Onboarding.app */ = {isa = PBXFileReference; explicitFileType = wrapper.application; includeInIndex = 0; path = Onboarding.app; sourceTree = BUILT_PRODUCTS_DIR; };
		D436B98F23DB81D500C9F037 /* AppDelegate.swift */ = {isa = PBXFileReference; lastKnownFileType = sourcecode.swift; path = AppDelegate.swift; sourceTree = "<group>"; };
		D436B99123DB81D500C9F037 /* SceneDelegate.swift */ = {isa = PBXFileReference; lastKnownFileType = sourcecode.swift; path = SceneDelegate.swift; sourceTree = "<group>"; };
		D436B99323DB81D500C9F037 /* ViewController.swift */ = {isa = PBXFileReference; lastKnownFileType = sourcecode.swift; path = ViewController.swift; sourceTree = "<group>"; };
		D436B99623DB81D500C9F037 /* Base */ = {isa = PBXFileReference; lastKnownFileType = file.storyboard; name = Base; path = Base.lproj/Main.storyboard; sourceTree = "<group>"; };
		D436B99923DB81D500C9F037 /* Onboarding.xcdatamodel */ = {isa = PBXFileReference; lastKnownFileType = wrapper.xcdatamodel; path = Onboarding.xcdatamodel; sourceTree = "<group>"; };
		D436B99B23DB81D600C9F037 /* Assets.xcassets */ = {isa = PBXFileReference; lastKnownFileType = folder.assetcatalog; path = Assets.xcassets; sourceTree = "<group>"; };
		D436B99E23DB81D600C9F037 /* Base */ = {isa = PBXFileReference; lastKnownFileType = file.storyboard; name = Base; path = Base.lproj/LaunchScreen.storyboard; sourceTree = "<group>"; };
		D436B9A023DB81D600C9F037 /* Info.plist */ = {isa = PBXFileReference; lastKnownFileType = text.plist.xml; path = Info.plist; sourceTree = "<group>"; };
		D436B9A523DB81D600C9F037 /* OnboardingTests.xctest */ = {isa = PBXFileReference; explicitFileType = wrapper.cfbundle; includeInIndex = 0; path = OnboardingTests.xctest; sourceTree = BUILT_PRODUCTS_DIR; };
		D436B9A923DB81D600C9F037 /* OnboardingTests.swift */ = {isa = PBXFileReference; lastKnownFileType = sourcecode.swift; path = OnboardingTests.swift; sourceTree = "<group>"; };
		D436B9AB23DB81D600C9F037 /* Info.plist */ = {isa = PBXFileReference; lastKnownFileType = text.plist.xml; path = Info.plist; sourceTree = "<group>"; };
		D436B9B023DB81D600C9F037 /* OnboardingUITests.xctest */ = {isa = PBXFileReference; explicitFileType = wrapper.cfbundle; includeInIndex = 0; path = OnboardingUITests.xctest; sourceTree = BUILT_PRODUCTS_DIR; };
		D436B9B423DB81D600C9F037 /* OnboardingUITests.swift */ = {isa = PBXFileReference; lastKnownFileType = sourcecode.swift; path = OnboardingUITests.swift; sourceTree = "<group>"; };
		D436B9B623DB81D600C9F037 /* Info.plist */ = {isa = PBXFileReference; lastKnownFileType = text.plist.xml; path = Info.plist; sourceTree = "<group>"; };
/* End PBXFileReference section */

/* Begin PBXFrameworksBuildPhase section */
		D436B98923DB81D500C9F037 /* Frameworks */ = {
			isa = PBXFrameworksBuildPhase;
			buildActionMask = 2147483647;
			files = (
			);
			runOnlyForDeploymentPostprocessing = 0;
		};
		D436B9A223DB81D600C9F037 /* Frameworks */ = {
			isa = PBXFrameworksBuildPhase;
			buildActionMask = 2147483647;
			files = (
			);
			runOnlyForDeploymentPostprocessing = 0;
		};
		D436B9AD23DB81D600C9F037 /* Frameworks */ = {
			isa = PBXFrameworksBuildPhase;
			buildActionMask = 2147483647;
			files = (
			);
			runOnlyForDeploymentPostprocessing = 0;
		};
/* End PBXFrameworksBuildPhase section */

/* Begin PBXGroup section */
		D436B98323DB81D500C9F037 = {
			isa = PBXGroup;
			children = (
				D436B98E23DB81D500C9F037 /* Onboarding */,
				D436B9A823DB81D600C9F037 /* OnboardingTests */,
				D436B9B323DB81D600C9F037 /* OnboardingUITests */,
				D436B98D23DB81D500C9F037 /* Products */,
			);
			sourceTree = "<group>";
		};
		D436B98D23DB81D500C9F037 /* Products */ = {
			isa = PBXGroup;
			children = (
				D436B98C23DB81D500C9F037 /* Onboarding.app */,
				D436B9A523DB81D600C9F037 /* OnboardingTests.xctest */,
				D436B9B023DB81D600C9F037 /* OnboardingUITests.xctest */,
			);
			name = Products;
			sourceTree = "<group>";
		};
		D436B98E23DB81D500C9F037 /* Onboarding */ = {
			isa = PBXGroup;
			children = (
				D436B98F23DB81D500C9F037 /* AppDelegate.swift */,
				D436B99123DB81D500C9F037 /* SceneDelegate.swift */,
				D436B99323DB81D500C9F037 /* ViewController.swift */,
				D436B99523DB81D500C9F037 /* Main.storyboard */,
				D436B99B23DB81D600C9F037 /* Assets.xcassets */,
				D436B99D23DB81D600C9F037 /* LaunchScreen.storyboard */,
				D436B9A023DB81D600C9F037 /* Info.plist */,
				D436B99823DB81D500C9F037 /* Onboarding.xcdatamodeld */,
			);
			path = Onboarding;
			sourceTree = "<group>";
		};
		D436B9A823DB81D600C9F037 /* OnboardingTests */ = {
			isa = PBXGroup;
			children = (
				D436B9A923DB81D600C9F037 /* OnboardingTests.swift */,
				D436B9AB23DB81D600C9F037 /* Info.plist */,
			);
			path = OnboardingTests;
			sourceTree = "<group>";
		};
		D436B9B323DB81D600C9F037 /* OnboardingUITests */ = {
			isa = PBXGroup;
			children = (
				D436B9B423DB81D600C9F037 /* OnboardingUITests.swift */,
				D436B9B623DB81D600C9F037 /* Info.plist */,
			);
			path = OnboardingUITests;
			sourceTree = "<group>";
		};
/* End PBXGroup section */

/* Begin PBXNativeTarget section */
		D436B98B23DB81D500C9F037 /* Onboarding */ = {
			isa = PBXNativeTarget;
			buildConfigurationList = D436B9B923DB81D600C9F037 /* Build configuration list for PBXNativeTarget "Onboarding" */;
			buildPhases = (
				D436B98823DB81D500C9F037 /* Sources */,
				D436B98923DB81D500C9F037 /* Frameworks */,
				D436B98A23DB81D500C9F037 /* Resources */,
			);
			buildRules = (
			);
			dependencies = (
			);
			name = Onboarding;
			productName = Onboarding;
			productReference = D436B98C23DB81D500C9F037 /* Onboarding.app */;
			productType = "com.apple.product-type.application";
		};
		D436B9A423DB81D600C9F037 /* OnboardingTests */ = {
			isa = PBXNativeTarget;
			buildConfigurationList = D436B9BC23DB81D600C9F037 /* Build configuration list for PBXNativeTarget "OnboardingTests" */;
			buildPhases = (
				D436B9A123DB81D600C9F037 /* Sources */,
				D436B9A223DB81D600C9F037 /* Frameworks */,
				D436B9A323DB81D600C9F037 /* Resources */,
			);
			buildRules = (
			);
			dependencies = (
				D436B9A723DB81D600C9F037 /* PBXTargetDependency */,
			);
			name = OnboardingTests;
			productName = OnboardingTests;
			productReference = D436B9A523DB81D600C9F037 /* OnboardingTests.xctest */;
			productType = "com.apple.product-type.bundle.unit-test";
		};
		D436B9AF23DB81D600C9F037 /* OnboardingUITests */ = {
			isa = PBXNativeTarget;
			buildConfigurationList = D436B9BF23DB81D600C9F037 /* Build configuration list for PBXNativeTarget "OnboardingUITests" */;
			buildPhases = (
				D436B9AC23DB81D600C9F037 /* Sources */,
				D436B9AD23DB81D600C9F037 /* Frameworks */,
				D436B9AE23DB81D600C9F037 /* Resources */,
			);
			buildRules = (
			);
			dependencies = (
				D436B9B223DB81D600C9F037 /* PBXTargetDependency */,
			);
			name = OnboardingUITests;
			productName = OnboardingUITests;
			productReference = D436B9B023DB81D600C9F037 /* OnboardingUITests.xctest */;
			productType = "com.apple.product-type.bundle.ui-testing";
		};
/* End PBXNativeTarget section */

/* Begin PBXProject section */
		D436B98423DB81D500C9F037 /* Project object */ = {
			isa = PBXProject;
			attributes = {
				LastSwiftUpdateCheck = 1110;
				LastUpgradeCheck = 1110;
				ORGANIZATIONNAME = "Joseph Storer";
				TargetAttributes = {
					D436B98B23DB81D500C9F037 = {
						CreatedOnToolsVersion = 11.1;
					};
					D436B9A423DB81D600C9F037 = {
						CreatedOnToolsVersion = 11.1;
						TestTargetID = D436B98B23DB81D500C9F037;
					};
					D436B9AF23DB81D600C9F037 = {
						CreatedOnToolsVersion = 11.1;
						TestTargetID = D436B98B23DB81D500C9F037;
					};
				};
			};
			buildConfigurationList = D436B98723DB81D500C9F037 /* Build configuration list for PBXProject "Onboarding" */;
			compatibilityVersion = "Xcode 9.3";
			developmentRegion = en;
			hasScannedForEncodings = 0;
			knownRegions = (
				en,
				Base,
			);
			mainGroup = D436B98323DB81D500C9F037;
			productRefGroup = D436B98D23DB81D500C9F037 /* Products */;
			projectDirPath = "";
			projectRoot = "";
			targets = (
				D436B98B23DB81D500C9F037 /* Onboarding */,
				D436B9A423DB81D600C9F037 /* OnboardingTests */,
				D436B9AF23DB81D600C9F037 /* OnboardingUITests */,
			);
		};
/* End PBXProject section */

/* Begin PBXResourcesBuildPhase section */
		D436B98A23DB81D500C9F037 /* Resources */ = {
			isa = PBXResourcesBuildPhase;
			buildActionMask = 2147483647;
			files = (
				D436B99F23DB81D600C9F037 /* LaunchScreen.storyboard in Resources */,
				D436B99C23DB81D600C9F037 /* Assets.xcassets in Resources */,
				D436B99723DB81D500C9F037 /* Main.storyboard in Resources */,
			);
			runOnlyForDeploymentPostprocessing = 0;
		};
		D436B9A323DB81D600C9F037 /* Resources */ = {
			isa = PBXResourcesBuildPhase;
			buildActionMask = 2147483647;
			files = (
			);
			runOnlyForDeploymentPostprocessing = 0;
		};
		D436B9AE23DB81D600C9F037 /* Resources */ = {
			isa = PBXResourcesBuildPhase;
			buildActionMask = 2147483647;
			files = (
			);
			runOnlyForDeploymentPostprocessing = 0;
		};
/* End PBXResourcesBuildPhase section */

/* Begin PBXSourcesBuildPhase section */
		D436B98823DB81D500C9F037 /* Sources */ = {
			isa = PBXSourcesBuildPhase;
			buildActionMask = 2147483647;
			files = (
				D436B99423DB81D500C9F037 /* ViewController.swift in Sources */,
				D436B99023DB81D500C9F037 /* AppDelegate.swift in Sources */,
				D436B99A23DB81D500C9F037 /* Onboarding.xcdatamodeld in Sources */,
				D436B99223DB81D500C9F037 /* SceneDelegate.swift in Sources */,
			);
			runOnlyForDeploymentPostprocessing = 0;
		};
		D436B9A123DB81D600C9F037 /* Sources */ = {
			isa = PBXSourcesBuildPhase;
			buildActionMask = 2147483647;
			files = (
				D436B9AA23DB81D600C9F037 /* OnboardingTests.swift in Sources */,
			);
			runOnlyForDeploymentPostprocessing = 0;
		};
		D436B9AC23DB81D600C9F037 /* Sources */ = {
			isa = PBXSourcesBuildPhase;
			buildActionMask = 2147483647;
			files = (
				D436B9B523DB81D600C9F037 /* OnboardingUITests.swift in Sources */,
			);
			runOnlyForDeploymentPostprocessing = 0;
		};
/* End PBXSourcesBuildPhase section */

/* Begin PBXTargetDependency section */
		D436B9A723DB81D600C9F037 /* PBXTargetDependency */ = {
			isa = PBXTargetDependency;
			target = D436B98B23DB81D500C9F037 /* Onboarding */;
			targetProxy = D436B9A623DB81D600C9F037 /* PBXContainerItemProxy */;
		};
		D436B9B223DB81D600C9F037 /* PBXTargetDependency */ = {
			isa = PBXTargetDependency;
			target = D436B98B23DB81D500C9F037 /* Onboarding */;
			targetProxy = D436B9B123DB81D600C9F037 /* PBXContainerItemProxy */;
		};
/* End PBXTargetDependency section */

/* Begin PBXVariantGroup section */
		D436B99523DB81D500C9F037 /* Main.storyboard */ = {
			isa = PBXVariantGroup;
			children = (
				D436B99623DB81D500C9F037 /* Base */,
			);
			name = Main.storyboard;
			sourceTree = "<group>";
		};
		D436B99D23DB81D600C9F037 /* LaunchScreen.storyboard */ = {
			isa = PBXVariantGroup;
			children = (
				D436B99E23DB81D600C9F037 /* Base */,
			);
			name = LaunchScreen.storyboard;
			sourceTree = "<group>";
		};
/* End PBXVariantGroup section */

/* Begin XCBuildConfiguration section */
		D436B9B723DB81D600C9F037 /* Debug */ = {
			isa = XCBuildConfiguration;
			buildSettings = {
				ALWAYS_SEARCH_USER_PATHS = NO;
				CLANG_ANALYZER_NONNULL = YES;
				CLANG_ANALYZER_NUMBER_OBJECT_CONVERSION = YES_AGGRESSIVE;
				CLANG_CXX_LANGUAGE_STANDARD = "gnu++14";
				CLANG_CXX_LIBRARY = "libc++";
				CLANG_ENABLE_MODULES = YES;
				CLANG_ENABLE_OBJC_ARC = YES;
				CLANG_ENABLE_OBJC_WEAK = YES;
				CLANG_WARN_BLOCK_CAPTURE_AUTORELEASING = YES;
				CLANG_WARN_BOOL_CONVERSION = YES;
				CLANG_WARN_COMMA = YES;
				CLANG_WARN_CONSTANT_CONVERSION = YES;
				CLANG_WARN_DEPRECATED_OBJC_IMPLEMENTATIONS = YES;
				CLANG_WARN_DIRECT_OBJC_ISA_USAGE = YES_ERROR;
				CLANG_WARN_DOCUMENTATION_COMMENTS = YES;
				CLANG_WARN_EMPTY_BODY = YES;
				CLANG_WARN_ENUM_CONVERSION = YES;
				CLANG_WARN_INFINITE_RECURSION = YES;
				CLANG_WARN_INT_CONVERSION = YES;
				CLANG_WARN_NON_LITERAL_NULL_CONVERSION = YES;
				CLANG_WARN_OBJC_IMPLICIT_RETAIN_SELF = YES;
				CLANG_WARN_OBJC_LITERAL_CONVERSION = YES;
				CLANG_WARN_OBJC_ROOT_CLASS = YES_ERROR;
				CLANG_WARN_RANGE_LOOP_ANALYSIS = YES;
				CLANG_WARN_STRICT_PROTOTYPES = YES;
				CLANG_WARN_SUSPICIOUS_MOVE = YES;
				CLANG_WARN_UNGUARDED_AVAILABILITY = YES_AGGRESSIVE;
				CLANG_WARN_UNREACHABLE_CODE = YES;
				CLANG_WARN__DUPLICATE_METHOD_MATCH = YES;
				COPY_PHASE_STRIP = NO;
				DEBUG_INFORMATION_FORMAT = dwarf;
				ENABLE_STRICT_OBJC_MSGSEND = YES;
				ENABLE_TESTABILITY = YES;
				GCC_C_LANGUAGE_STANDARD = gnu11;
				GCC_DYNAMIC_NO_PIC = NO;
				GCC_NO_COMMON_BLOCKS = YES;
				GCC_OPTIMIZATION_LEVEL = 0;
				GCC_PREPROCESSOR_DEFINITIONS = (
					"DEBUG=1",
					"$(inherited)",
				);
				GCC_WARN_64_TO_32_BIT_CONVERSION = YES;
				GCC_WARN_ABOUT_RETURN_TYPE = YES_ERROR;
				GCC_WARN_UNDECLARED_SELECTOR = YES;
				GCC_WARN_UNINITIALIZED_AUTOS = YES_AGGRESSIVE;
				GCC_WARN_UNUSED_FUNCTION = YES;
				GCC_WARN_UNUSED_VARIABLE = YES;
				IPHONEOS_DEPLOYMENT_TARGET = 13.1;
				MTL_ENABLE_DEBUG_INFO = INCLUDE_SOURCE;
				MTL_FAST_MATH = YES;
				ONLY_ACTIVE_ARCH = YES;
				SDKROOT = iphoneos;
				SWIFT_ACTIVE_COMPILATION_CONDITIONS = DEBUG;
				SWIFT_OPTIMIZATION_LEVEL = "-Onone";
			};
			name = Debug;
		};
		D436B9B823DB81D600C9F037 /* Release */ = {
			isa = XCBuildConfiguration;
			buildSettings = {
				ALWAYS_SEARCH_USER_PATHS = NO;
				CLANG_ANALYZER_NONNULL = YES;
				CLANG_ANALYZER_NUMBER_OBJECT_CONVERSION = YES_AGGRESSIVE;
				CLANG_CXX_LANGUAGE_STANDARD = "gnu++14";
				CLANG_CXX_LIBRARY = "libc++";
				CLANG_ENABLE_MODULES = YES;
				CLANG_ENABLE_OBJC_ARC = YES;
				CLANG_ENABLE_OBJC_WEAK = YES;
				CLANG_WARN_BLOCK_CAPTURE_AUTORELEASING = YES;
				CLANG_WARN_BOOL_CONVERSION = YES;
				CLANG_WARN_COMMA = YES;
				CLANG_WARN_CONSTANT_CONVERSION = YES;
				CLANG_WARN_DEPRECATED_OBJC_IMPLEMENTATIONS = YES;
				CLANG_WARN_DIRECT_OBJC_ISA_USAGE = YES_ERROR;
				CLANG_WARN_DOCUMENTATION_COMMENTS = YES;
				CLANG_WARN_EMPTY_BODY = YES;
				CLANG_WARN_ENUM_CONVERSION = YES;
				CLANG_WARN_INFINITE_RECURSION = YES;
				CLANG_WARN_INT_CONVERSION = YES;
				CLANG_WARN_NON_LITERAL_NULL_CONVERSION = YES;
				CLANG_WARN_OBJC_IMPLICIT_RETAIN_SELF = YES;
				CLANG_WARN_OBJC_LITERAL_CONVERSION = YES;
				CLANG_WARN_OBJC_ROOT_CLASS = YES_ERROR;
				CLANG_WARN_RANGE_LOOP_ANALYSIS = YES;
				CLANG_WARN_STRICT_PROTOTYPES = YES;
				CLANG_WARN_SUSPICIOUS_MOVE = YES;
				CLANG_WARN_UNGUARDED_AVAILABILITY = YES_AGGRESSIVE;
				CLANG_WARN_UNREACHABLE_CODE = YES;
				CLANG_WARN__DUPLICATE_METHOD_MATCH = YES;
				COPY_PHASE_STRIP = NO;
				DEBUG_INFORMATION_FORMAT = "dwarf-with-dsym";
				ENABLE_NS_ASSERTIONS = NO;
				ENABLE_STRICT_OBJC_MSGSEND = YES;
				GCC_C_LANGUAGE_STANDARD = gnu11;
				GCC_NO_COMMON_BLOCKS = YES;
				GCC_WARN_64_TO_32_BIT_CONVERSION = YES;
				GCC_WARN_ABOUT_RETURN_TYPE = YES_ERROR;
				GCC_WARN_UNDECLARED_SELECTOR = YES;
				GCC_WARN_UNINITIALIZED_AUTOS = YES_AGGRESSIVE;
				GCC_WARN_UNUSED_FUNCTION = YES;
				GCC_WARN_UNUSED_VARIABLE = YES;
				IPHONEOS_DEPLOYMENT_TARGET = 13.1;
				MTL_ENABLE_DEBUG_INFO = NO;
				MTL_FAST_MATH = YES;
				SDKROOT = iphoneos;
				SWIFT_COMPILATION_MODE = wholemodule;
				SWIFT_OPTIMIZATION_LEVEL = "-O";
				VALIDATE_PRODUCT = YES;
			};
			name = Release;
		};
		D436B9BA23DB81D600C9F037 /* Debug */ = {
			isa = XCBuildConfiguration;
			buildSettings = {
				ASSETCATALOG_COMPILER_APPICON_NAME = AppIcon;
				CODE_SIGN_STYLE = Automatic;
				DEVELOPMENT_TEAM = X944552K84;
				INFOPLIST_FILE = Onboarding/Info.plist;
				LD_RUNPATH_SEARCH_PATHS = (
					"$(inherited)",
					"@executable_path/Frameworks",
				);
				PRODUCT_BUNDLE_IDENTIFIER = org.storerjf.Onboarding;
				PRODUCT_NAME = "$(TARGET_NAME)";
				SWIFT_VERSION = 5.0;
				TARGETED_DEVICE_FAMILY = "1,2";
			};
			name = Debug;
		};
		D436B9BB23DB81D600C9F037 /* Release */ = {
			isa = XCBuildConfiguration;
			buildSettings = {
				ASSETCATALOG_COMPILER_APPICON_NAME = AppIcon;
				CODE_SIGN_STYLE = Automatic;
				DEVELOPMENT_TEAM = X944552K84;
				INFOPLIST_FILE = Onboarding/Info.plist;
				LD_RUNPATH_SEARCH_PATHS = (
					"$(inherited)",
					"@executable_path/Frameworks",
				);
				PRODUCT_BUNDLE_IDENTIFIER = org.storerjf.Onboarding;
				PRODUCT_NAME = "$(TARGET_NAME)";
				SWIFT_VERSION = 5.0;
				TARGETED_DEVICE_FAMILY = "1,2";
			};
			name = Release;
		};
		D436B9BD23DB81D600C9F037 /* Debug */ = {
			isa = XCBuildConfiguration;
			buildSettings = {
				ALWAYS_EMBED_SWIFT_STANDARD_LIBRARIES = YES;
				BUNDLE_LOADER = "$(TEST_HOST)";
				CODE_SIGN_STYLE = Automatic;
				DEVELOPMENT_TEAM = X944552K84;
				INFOPLIST_FILE = OnboardingTests/Info.plist;
				IPHONEOS_DEPLOYMENT_TARGET = 13.1;
				LD_RUNPATH_SEARCH_PATHS = (
					"$(inherited)",
					"@executable_path/Frameworks",
					"@loader_path/Frameworks",
				);
				PRODUCT_BUNDLE_IDENTIFIER = org.storerjf.OnboardingTests;
				PRODUCT_NAME = "$(TARGET_NAME)";
				SWIFT_VERSION = 5.0;
				TARGETED_DEVICE_FAMILY = "1,2";
				TEST_HOST = "$(BUILT_PRODUCTS_DIR)/Onboarding.app/Onboarding";
			};
			name = Debug;
		};
		D436B9BE23DB81D600C9F037 /* Release */ = {
			isa = XCBuildConfiguration;
			buildSettings = {
				ALWAYS_EMBED_SWIFT_STANDARD_LIBRARIES = YES;
				BUNDLE_LOADER = "$(TEST_HOST)";
				CODE_SIGN_STYLE = Automatic;
				DEVELOPMENT_TEAM = X944552K84;
				INFOPLIST_FILE = OnboardingTests/Info.plist;
				IPHONEOS_DEPLOYMENT_TARGET = 13.1;
				LD_RUNPATH_SEARCH_PATHS = (
					"$(inherited)",
					"@executable_path/Frameworks",
					"@loader_path/Frameworks",
				);
				PRODUCT_BUNDLE_IDENTIFIER = org.storerjf.OnboardingTests;
				PRODUCT_NAME = "$(TARGET_NAME)";
				SWIFT_VERSION = 5.0;
				TARGETED_DEVICE_FAMILY = "1,2";
				TEST_HOST = "$(BUILT_PRODUCTS_DIR)/Onboarding.app/Onboarding";
			};
			name = Release;
		};
		D436B9C023DB81D600C9F037 /* Debug */ = {
			isa = XCBuildConfiguration;
			buildSettings = {
				ALWAYS_EMBED_SWIFT_STANDARD_LIBRARIES = YES;
				CODE_SIGN_STYLE = Automatic;
				DEVELOPMENT_TEAM = X944552K84;
				INFOPLIST_FILE = OnboardingUITests/Info.plist;
				LD_RUNPATH_SEARCH_PATHS = (
					"$(inherited)",
					"@executable_path/Frameworks",
					"@loader_path/Frameworks",
				);
				PRODUCT_BUNDLE_IDENTIFIER = org.storerjf.OnboardingUITests;
				PRODUCT_NAME = "$(TARGET_NAME)";
				SWIFT_VERSION = 5.0;
				TARGETED_DEVICE_FAMILY = "1,2";
				TEST_TARGET_NAME = Onboarding;
			};
			name = Debug;
		};
		D436B9C123DB81D600C9F037 /* Release */ = {
			isa = XCBuildConfiguration;
			buildSettings = {
				ALWAYS_EMBED_SWIFT_STANDARD_LIBRARIES = YES;
				CODE_SIGN_STYLE = Automatic;
				DEVELOPMENT_TEAM = X944552K84;
				INFOPLIST_FILE = OnboardingUITests/Info.plist;
				LD_RUNPATH_SEARCH_PATHS = (
					"$(inherited)",
					"@executable_path/Frameworks",
					"@loader_path/Frameworks",
				);
				PRODUCT_BUNDLE_IDENTIFIER = org.storerjf.OnboardingUITests;
				PRODUCT_NAME = "$(TARGET_NAME)";
				SWIFT_VERSION = 5.0;
				TARGETED_DEVICE_FAMILY = "1,2";
				TEST_TARGET_NAME = Onboarding;
			};
			name = Release;
		};
/* End XCBuildConfiguration section */

/* Begin XCConfigurationList section */
		D436B98723DB81D500C9F037 /* Build configuration list for PBXProject "Onboarding" */ = {
			isa = XCConfigurationList;
			buildConfigurations = (
				D436B9B723DB81D600C9F037 /* Debug */,
				D436B9B823DB81D600C9F037 /* Release */,
			);
			defaultConfigurationIsVisible = 0;
			defaultConfigurationName = Release;
		};
		D436B9B923DB81D600C9F037 /* Build configuration list for PBXNativeTarget "Onboarding" */ = {
			isa = XCConfigurationList;
			buildConfigurations = (
				D436B9BA23DB81D600C9F037 /* Debug */,
				D436B9BB23DB81D600C9F037 /* Release */,
			);
			defaultConfigurationIsVisible = 0;
			defaultConfigurationName = Release;
		};
		D436B9BC23DB81D600C9F037 /* Build configuration list for PBXNativeTarget "OnboardingTests" */ = {
			isa = XCConfigurationList;
			buildConfigurations = (
				D436B9BD23DB81D600C9F037 /* Debug */,
				D436B9BE23DB81D600C9F037 /* Release */,
			);
			defaultConfigurationIsVisible = 0;
			defaultConfigurationName = Release;
		};
		D436B9BF23DB81D600C9F037 /* Build configuration list for PBXNativeTarget "OnboardingUITests" */ = {
			isa = XCConfigurationList;
			buildConfigurations = (
				D436B9C023DB81D600C9F037 /* Debug */,
				D436B9C123DB81D600C9F037 /* Release */,
			);
			defaultConfigurationIsVisible = 0;
			defaultConfigurationName = Release;
		};
/* End XCConfigurationList section */

/* Begin XCVersionGroup section */
		D436B99823DB81D500C9F037 /* Onboarding.xcdatamodeld */ = {
			isa = XCVersionGroup;
			children = (
				D436B99923DB81D500C9F037 /* Onboarding.xcdatamodel */,
			);
			currentVersion = D436B99923DB81D500C9F037 /* Onboarding.xcdatamodel */;
			path = Onboarding.xcdatamodeld;
			sourceTree = "<group>";
			versionGroupType = wrapper.xcdatamodel;
		};
/* End XCVersionGroup section */
	};
	rootObject = D436B98423DB81D500C9F037 /* Project object */;
}
